
Microsoft Visual Studio Solution File, Format Version 12.00
# Visual Studio Version 16
VisualStudioVersion = 16.0.31229.75
MinimumVisualStudioVersion = 10.0.40219.1
Project("{9A19103F-16F7-4668-BE54-9A1E7A4F7556}") = "DotnetSampleApi", "DotnetSampleApi\DotnetSampleApi.csproj", "{4E7E0EB2-3E6C-4DB1-98AB-8799ED675C1F}"
EndProject
Project("{FAE04EC0-301F-11D3-BF4B-00C04F79EFBC}") = "DotnetSampleApiTest", "DotnetSampleApiTest\DotnetSampleApiTest.csproj", "{A60900CF-A734-483A-A465-C7F65AD06A49}"
EndProject
Project("{FAE04EC0-301F-11D3-BF4B-00C04F79EFBC}") = "TourApi", "TourApi\TourApi.csproj", "{503EC646-2393-491B-B1F7-49C48D207910}"
EndProject
Project("{FAE04EC0-301F-11D3-BF4B-00C04F79EFBC}") = "DotnetSampleApi2Test", "DotnetSampleApi2Test\DotnetSampleApi2Test.csproj", "{B48462E9-DBCD-43DF-9760-B7F7EFDEF21C}"
EndProject
Global
	GlobalSection(SolutionConfigurationPlatforms) = preSolution
		Debug|Any CPU = Debug|Any CPU
		Release|Any CPU = Release|Any CPU
	EndGlobalSection
	GlobalSection(ProjectConfigurationPlatforms) = postSolution
		{4E7E0EB2-3E6C-4DB1-98AB-8799ED675C1F}.Debug|Any CPU.ActiveCfg = Debug|Any CPU
		{4E7E0EB2-3E6C-4DB1-98AB-8799ED675C1F}.Debug|Any CPU.Build.0 = Debug|Any CPU
		{4E7E0EB2-3E6C-4DB1-98AB-8799ED675C1F}.Release|Any CPU.ActiveCfg = Release|Any CPU
		{4E7E0EB2-3E6C-4DB1-98AB-8799ED675C1F}.Release|Any CPU.Build.0 = Release|Any CPU
		{A60900CF-A734-483A-A465-C7F65AD06A49}.Debug|Any CPU.ActiveCfg = Debug|Any CPU
		{A60900CF-A734-483A-A465-C7F65AD06A49}.Debug|Any CPU.Build.0 = Debug|Any CPU
		{A60900CF-A734-483A-A465-C7F65AD06A49}.Release|Any CPU.ActiveCfg = Release|Any CPU
		{A60900CF-A734-483A-A465-C7F65AD06A49}.Release|Any CPU.Build.0 = Release|Any CPU
		{503EC646-2393-491B-B1F7-49C48D207910}.Debug|Any CPU.ActiveCfg = Debug|Any CPU
		{503EC646-2393-491B-B1F7-49C48D207910}.Debug|Any CPU.Build.0 = Debug|Any CPU
		{503EC646-2393-491B-B1F7-49C48D207910}.Release|Any CPU.ActiveCfg = Release|Any CPU
		{503EC646-2393-491B-B1F7-49C48D207910}.Release|Any CPU.Build.0 = Release|Any CPU
		{B48462E9-DBCD-43DF-9760-B7F7EFDEF21C}.Debug|Any CPU.ActiveCfg = Debug|Any CPU
		{B48462E9-DBCD-43DF-9760-B7F7EFDEF21C}.Debug|Any CPU.Build.0 = Debug|Any CPU
		{B48462E9-DBCD-43DF-9760-B7F7EFDEF21C}.Release|Any CPU.ActiveCfg = Release|Any CPU
		{B48462E9-DBCD-43DF-9760-B7F7EFDEF21C}.Release|Any CPU.Build.0 = Release|Any CPU
	EndGlobalSection
	GlobalSection(SolutionProperties) = preSolution
		HideSolutionNode = FALSE
	EndGlobalSection
	GlobalSection(ExtensibilityGlobals) = postSolution
		SolutionGuid = {DD496D66-A5C9-43DA-8B3A-B3EB6552E37E}
	EndGlobalSection
EndGlobal
